// !$*UTF8*$!
{
	archiveVersion = 1;
	classes = {
	};
	objectVersion = 46;
	objects = {

/* Begin PBXBuildFile section */
		B8BF3B4D1AFE3C4D00FCFDB8 /* AppDelegate.swift in Sources */ = {isa = PBXBuildFile; fileRef = B8BF3B4C1AFE3C4D00FCFDB8 /* AppDelegate.swift */; };
		B8BF3B4F1AFE3C4D00FCFDB8 /* RecordViewController.swift in Sources */ = {isa = PBXBuildFile; fileRef = B8BF3B4E1AFE3C4D00FCFDB8 /* RecordViewController.swift */; };
		B8BF3B521AFE3C4D00FCFDB8 /* Main.storyboard in Resources */ = {isa = PBXBuildFile; fileRef = B8BF3B501AFE3C4D00FCFDB8 /* Main.storyboard */; };
		B8BF3B541AFE3C4D00FCFDB8 /* Images.xcassets in Resources */ = {isa = PBXBuildFile; fileRef = B8BF3B531AFE3C4D00FCFDB8 /* Images.xcassets */; };
		B8BF3B571AFE3C4D00FCFDB8 /* LaunchScreen.xib in Resources */ = {isa = PBXBuildFile; fileRef = B8BF3B551AFE3C4D00FCFDB8 /* LaunchScreen.xib */; };
		B8BF3B631AFE3C4D00FCFDB8 /* Pitch_PerfectTests.swift in Sources */ = {isa = PBXBuildFile; fileRef = B8BF3B621AFE3C4D00FCFDB8 /* Pitch_PerfectTests.swift */; };
		B8BF3B711AFE614800FCFDB8 /* PlaySoundsViewController.swift in Sources */ = {isa = PBXBuildFile; fileRef = B8BF3B701AFE614800FCFDB8 /* PlaySoundsViewController.swift */; };
		B8BF3B751AFE66F700FCFDB8 /* AVFoundation.framework in Frameworks */ = {isa = PBXBuildFile; fileRef = B8BF3B741AFE66F700FCFDB8 /* AVFoundation.framework */; };
		B8BF3BE61AFF527A00FCFDB8 /* RecordedAudio.swift in Sources */ = {isa = PBXBuildFile; fileRef = B8BF3BE51AFF527A00FCFDB8 /* RecordedAudio.swift */; };
		B8BF3BE81AFF5A2B00FCFDB8 /* AudioPlayerManager.swift in Sources */ = {isa = PBXBuildFile; fileRef = B8BF3BE71AFF5A2B00FCFDB8 /* AudioPlayerManager.swift */; };
		B8BF3BEE1AFF670F00FCFDB8 /* AudioRecorderManager.swift in Sources */ = {isa = PBXBuildFile; fileRef = B8BF3BED1AFF670F00FCFDB8 /* AudioRecorderManager.swift */; };
		B8BF3BF01AFF6A1B00FCFDB8 /* Constants.swift in Sources */ = {isa = PBXBuildFile; fileRef = B8BF3BEF1AFF6A1B00FCFDB8 /* Constants.swift */; };
/* End PBXBuildFile section */

/* Begin PBXContainerItemProxy section */
		B8BF3B5D1AFE3C4D00FCFDB8 /* PBXContainerItemProxy */ = {
			isa = PBXContainerItemProxy;
			containerPortal = B8BF3B3F1AFE3C4C00FCFDB8 /* Project object */;
			proxyType = 1;
			remoteGlobalIDString = B8BF3B461AFE3C4C00FCFDB8;
			remoteInfo = "Pitch Perfect";
		};
/* End PBXContainerItemProxy section */

/* Begin PBXFileReference section */
		B8BF3B471AFE3C4C00FCFDB8 /* Pitch Perfect.app */ = {isa = PBXFileReference; explicitFileType = wrapper.application; includeInIndex = 0; path = "Pitch Perfect.app"; sourceTree = BUILT_PRODUCTS_DIR; };
		B8BF3B4B1AFE3C4D00FCFDB8 /* Info.plist */ = {isa = PBXFileReference; lastKnownFileType = text.plist.xml; path = Info.plist; sourceTree = "<group>"; };
		B8BF3B4C1AFE3C4D00FCFDB8 /* AppDelegate.swift */ = {isa = PBXFileReference; lastKnownFileType = sourcecode.swift; path = AppDelegate.swift; sourceTree = "<group>"; };
		B8BF3B4E1AFE3C4D00FCFDB8 /* RecordViewController.swift */ = {isa = PBXFileReference; lastKnownFileType = sourcecode.swift; path = RecordViewController.swift; sourceTree = "<group>"; };
		B8BF3B511AFE3C4D00FCFDB8 /* Base */ = {isa = PBXFileReference; lastKnownFileType = file.storyboard; name = Base; path = Base.lproj/Main.storyboard; sourceTree = "<group>"; };
		B8BF3B531AFE3C4D00FCFDB8 /* Images.xcassets */ = {isa = PBXFileReference; lastKnownFileType = folder.assetcatalog; path = Images.xcassets; sourceTree = "<group>"; };
		B8BF3B561AFE3C4D00FCFDB8 /* Base */ = {isa = PBXFileReference; lastKnownFileType = file.xib; name = Base; path = Base.lproj/LaunchScreen.xib; sourceTree = "<group>"; };
		B8BF3B5C1AFE3C4D00FCFDB8 /* Pitch PerfectTests.xctest */ = {isa = PBXFileReference; explicitFileType = wrapper.cfbundle; includeInIndex = 0; path = "Pitch PerfectTests.xctest"; sourceTree = BUILT_PRODUCTS_DIR; };
		B8BF3B611AFE3C4D00FCFDB8 /* Info.plist */ = {isa = PBXFileReference; lastKnownFileType = text.plist.xml; path = Info.plist; sourceTree = "<group>"; };
		B8BF3B621AFE3C4D00FCFDB8 /* Pitch_PerfectTests.swift */ = {isa = PBXFileReference; lastKnownFileType = sourcecode.swift; path = Pitch_PerfectTests.swift; sourceTree = "<group>"; };
		B8BF3B701AFE614800FCFDB8 /* PlaySoundsViewController.swift */ = {isa = PBXFileReference; fileEncoding = 4; lastKnownFileType = sourcecode.swift; path = PlaySoundsViewController.swift; sourceTree = "<group>"; };
		B8BF3B741AFE66F700FCFDB8 /* AVFoundation.framework */ = {isa = PBXFileReference; lastKnownFileType = wrapper.framework; name = AVFoundation.framework; path = System/Library/Frameworks/AVFoundation.framework; sourceTree = SDKROOT; };
		B8BF3BE51AFF527A00FCFDB8 /* RecordedAudio.swift */ = {isa = PBXFileReference; fileEncoding = 4; lastKnownFileType = sourcecode.swift; path = RecordedAudio.swift; sourceTree = "<group>"; };
		B8BF3BE71AFF5A2B00FCFDB8 /* AudioPlayerManager.swift */ = {isa = PBXFileReference; fileEncoding = 4; lastKnownFileType = sourcecode.swift; path = AudioPlayerManager.swift; sourceTree = "<group>"; };
		B8BF3BED1AFF670F00FCFDB8 /* AudioRecorderManager.swift */ = {isa = PBXFileReference; fileEncoding = 4; lastKnownFileType = sourcecode.swift; path = AudioRecorderManager.swift; sourceTree = "<group>"; };
		B8BF3BEF1AFF6A1B00FCFDB8 /* Constants.swift */ = {isa = PBXFileReference; fileEncoding = 4; lastKnownFileType = sourcecode.swift; path = Constants.swift; sourceTree = "<group>"; };
/* End PBXFileReference section */

/* Begin PBXFrameworksBuildPhase section */
		B8BF3B441AFE3C4C00FCFDB8 /* Frameworks */ = {
			isa = PBXFrameworksBuildPhase;
			buildActionMask = 2147483647;
			files = (
				B8BF3B751AFE66F700FCFDB8 /* AVFoundation.framework in Frameworks */,
			);
			runOnlyForDeploymentPostprocessing = 0;
		};
		B8BF3B591AFE3C4D00FCFDB8 /* Frameworks */ = {
			isa = PBXFrameworksBuildPhase;
			buildActionMask = 2147483647;
			files = (
			);
			runOnlyForDeploymentPostprocessing = 0;
		};
/* End PBXFrameworksBuildPhase section */

/* Begin PBXGroup section */
		B8BF3B3E1AFE3C4C00FCFDB8 = {
			isa = PBXGroup;
			children = (
				B8BF3B741AFE66F700FCFDB8 /* AVFoundation.framework */,
				B8BF3B491AFE3C4C00FCFDB8 /* Pitch Perfect */,
				B8BF3B5F1AFE3C4D00FCFDB8 /* Pitch PerfectTests */,
				B8BF3B481AFE3C4C00FCFDB8 /* Products */,
			);
			sourceTree = "<group>";
		};
		B8BF3B481AFE3C4C00FCFDB8 /* Products */ = {
			isa = PBXGroup;
			children = (
				B8BF3B471AFE3C4C00FCFDB8 /* Pitch Perfect.app */,
				B8BF3B5C1AFE3C4D00FCFDB8 /* Pitch PerfectTests.xctest */,
			);
			name = Products;
			sourceTree = "<group>";
		};
		B8BF3B491AFE3C4C00FCFDB8 /* Pitch Perfect */ = {
			isa = PBXGroup;
			children = (
				B8BF3BEC1AFF5A7C00FCFDB8 /* Util */,
				B8BF3BEB1AFF5A6800FCFDB8 /* Controller */,
				B8BF3BEA1AFF5A5E00FCFDB8 /* View */,
				B8BF3BE91AFF5A4E00FCFDB8 /* Model */,
				B8BF3B4C1AFE3C4D00FCFDB8 /* AppDelegate.swift */,
				B8BF3B531AFE3C4D00FCFDB8 /* Images.xcassets */,
				B8BF3B4A1AFE3C4C00FCFDB8 /* Supporting Files */,
			);
			path = "Pitch Perfect";
			sourceTree = "<group>";
		};
		B8BF3B4A1AFE3C4C00FCFDB8 /* Supporting Files */ = {
			isa = PBXGroup;
			children = (
				B8BF3B4B1AFE3C4D00FCFDB8 /* Info.plist */,
			);
			name = "Supporting Files";
			sourceTree = "<group>";
		};
		B8BF3B5F1AFE3C4D00FCFDB8 /* Pitch PerfectTests */ = {
			isa = PBXGroup;
			children = (
				B8BF3B621AFE3C4D00FCFDB8 /* Pitch_PerfectTests.swift */,
				B8BF3B601AFE3C4D00FCFDB8 /* Supporting Files */,
			);
			path = "Pitch PerfectTests";
			sourceTree = "<group>";
		};
		B8BF3B601AFE3C4D00FCFDB8 /* Supporting Files */ = {
			isa = PBXGroup;
			children = (
				B8BF3B611AFE3C4D00FCFDB8 /* Info.plist */,
			);
			name = "Supporting Files";
			sourceTree = "<group>";
		};
		B8BF3BE91AFF5A4E00FCFDB8 /* Model */ = {
			isa = PBXGroup;
			children = (
				B8BF3BE51AFF527A00FCFDB8 /* RecordedAudio.swift */,
			);
			name = Model;
			sourceTree = "<group>";
		};
		B8BF3BEA1AFF5A5E00FCFDB8 /* View */ = {
			isa = PBXGroup;
			children = (
				B8BF3B551AFE3C4D00FCFDB8 /* LaunchScreen.xib */,
				B8BF3B501AFE3C4D00FCFDB8 /* Main.storyboard */,
			);
			name = View;
			sourceTree = "<group>";
		};
		B8BF3BEB1AFF5A6800FCFDB8 /* Controller */ = {
			isa = PBXGroup;
			children = (
				B8BF3B4E1AFE3C4D00FCFDB8 /* RecordViewController.swift */,
				B8BF3B701AFE614800FCFDB8 /* PlaySoundsViewController.swift */,
			);
			name = Controller;
			sourceTree = "<group>";
		};
		B8BF3BEC1AFF5A7C00FCFDB8 /* Util */ = {
			isa = PBXGroup;
			children = (
				B8BF3BE71AFF5A2B00FCFDB8 /* AudioPlayerManager.swift */,
				B8BF3BED1AFF670F00FCFDB8 /* AudioRecorderManager.swift */,
				B8BF3BEF1AFF6A1B00FCFDB8 /* Constants.swift */,
			);
			name = Util;
			sourceTree = "<group>";
		};
/* End PBXGroup section */

/* Begin PBXNativeTarget section */
		B8BF3B461AFE3C4C00FCFDB8 /* Pitch Perfect */ = {
			isa = PBXNativeTarget;
			buildConfigurationList = B8BF3B661AFE3C4D00FCFDB8 /* Build configuration list for PBXNativeTarget "Pitch Perfect" */;
			buildPhases = (
				B8BF3B431AFE3C4C00FCFDB8 /* Sources */,
				B8BF3B441AFE3C4C00FCFDB8 /* Frameworks */,
				B8BF3B451AFE3C4C00FCFDB8 /* Resources */,
			);
			buildRules = (
			);
			dependencies = (
			);
			name = "Pitch Perfect";
			productName = "Pitch Perfect";
			productReference = B8BF3B471AFE3C4C00FCFDB8 /* Pitch Perfect.app */;
			productType = "com.apple.product-type.application";
		};
		B8BF3B5B1AFE3C4D00FCFDB8 /* Pitch PerfectTests */ = {
			isa = PBXNativeTarget;
			buildConfigurationList = B8BF3B691AFE3C4D00FCFDB8 /* Build configuration list for PBXNativeTarget "Pitch PerfectTests" */;
			buildPhases = (
				B8BF3B581AFE3C4D00FCFDB8 /* Sources */,
				B8BF3B591AFE3C4D00FCFDB8 /* Frameworks */,
				B8BF3B5A1AFE3C4D00FCFDB8 /* Resources */,
			);
			buildRules = (
			);
			dependencies = (
				B8BF3B5E1AFE3C4D00FCFDB8 /* PBXTargetDependency */,
			);
			name = "Pitch PerfectTests";
			productName = "Pitch PerfectTests";
			productReference = B8BF3B5C1AFE3C4D00FCFDB8 /* Pitch PerfectTests.xctest */;
			productType = "com.apple.product-type.bundle.unit-test";
		};
/* End PBXNativeTarget section */

/* Begin PBXProject section */
		B8BF3B3F1AFE3C4C00FCFDB8 /* Project object */ = {
			isa = PBXProject;
			attributes = {
				LastUpgradeCheck = 0630;
				ORGANIZATIONNAME = "RBG Apps";
				TargetAttributes = {
					B8BF3B461AFE3C4C00FCFDB8 = {
						CreatedOnToolsVersion = 6.3.1;
					};
					B8BF3B5B1AFE3C4D00FCFDB8 = {
						CreatedOnToolsVersion = 6.3.1;
						TestTargetID = B8BF3B461AFE3C4C00FCFDB8;
					};
				};
			};
			buildConfigurationList = B8BF3B421AFE3C4C00FCFDB8 /* Build configuration list for PBXProject "Pitch Perfect" */;
			compatibilityVersion = "Xcode 3.2";
			developmentRegion = English;
			hasScannedForEncodings = 0;
			knownRegions = (
				en,
				Base,
			);
			mainGroup = B8BF3B3E1AFE3C4C00FCFDB8;
			productRefGroup = B8BF3B481AFE3C4C00FCFDB8 /* Products */;
			projectDirPath = "";
			projectRoot = "";
			targets = (
				B8BF3B461AFE3C4C00FCFDB8 /* Pitch Perfect */,
				B8BF3B5B1AFE3C4D00FCFDB8 /* Pitch PerfectTests */,
			);
		};
/* End PBXProject section */

/* Begin PBXResourcesBuildPhase section */
		B8BF3B451AFE3C4C00FCFDB8 /* Resources */ = {
			isa = PBXResourcesBuildPhase;
			buildActionMask = 2147483647;
			files = (
				B8BF3B521AFE3C4D00FCFDB8 /* Main.storyboard in Resources */,
				B8BF3B571AFE3C4D00FCFDB8 /* LaunchScreen.xib in Resources */,
				B8BF3B541AFE3C4D00FCFDB8 /* Images.xcassets in Resources */,
			);
			runOnlyForDeploymentPostprocessing = 0;
		};
		B8BF3B5A1AFE3C4D00FCFDB8 /* Resources */ = {
			isa = PBXResourcesBuildPhase;
			buildActionMask = 2147483647;
			files = (
			);
			runOnlyForDeploymentPostprocessing = 0;
		};
/* End PBXResourcesBuildPhase section */

/* Begin PBXSourcesBuildPhase section */
		B8BF3B431AFE3C4C00FCFDB8 /* Sources */ = {
			isa = PBXSourcesBuildPhase;
			buildActionMask = 2147483647;
			files = (
				B8BF3BE61AFF527A00FCFDB8 /* RecordedAudio.swift in Sources */,
				B8BF3B4F1AFE3C4D00FCFDB8 /* RecordViewController.swift in Sources */,
				B8BF3B711AFE614800FCFDB8 /* PlaySoundsViewController.swift in Sources */,
				B8BF3BE81AFF5A2B00FCFDB8 /* AudioPlayerManager.swift in Sources */,
				B8BF3BF01AFF6A1B00FCFDB8 /* Constants.swift in Sources */,
				B8BF3BEE1AFF670F00FCFDB8 /* AudioRecorderManager.swift in Sources */,
				B8BF3B4D1AFE3C4D00FCFDB8 /* AppDelegate.swift in Sources */,
			);
			runOnlyForDeploymentPostprocessing = 0;
		};
		B8BF3B581AFE3C4D00FCFDB8 /* Sources */ = {
			isa = PBXSourcesBuildPhase;
			buildActionMask = 2147483647;
			files = (
				B8BF3B631AFE3C4D00FCFDB8 /* Pitch_PerfectTests.swift in Sources */,
			);
			runOnlyForDeploymentPostprocessing = 0;
		};
/* End PBXSourcesBuildPhase section */

/* Begin PBXTargetDependency section */
		B8BF3B5E1AFE3C4D00FCFDB8 /* PBXTargetDependency */ = {
			isa = PBXTargetDependency;
			target = B8BF3B461AFE3C4C00FCFDB8 /* Pitch Perfect */;
			targetProxy = B8BF3B5D1AFE3C4D00FCFDB8 /* PBXContainerItemProxy */;
		};
/* End PBXTargetDependency section */

/* Begin PBXVariantGroup section */
		B8BF3B501AFE3C4D00FCFDB8 /* Main.storyboard */ = {
			isa = PBXVariantGroup;
			children = (
				B8BF3B511AFE3C4D00FCFDB8 /* Base */,
			);
			name = Main.storyboard;
			sourceTree = "<group>";
		};
		B8BF3B551AFE3C4D00FCFDB8 /* LaunchScreen.xib */ = {
			isa = PBXVariantGroup;
			children = (
				B8BF3B561AFE3C4D00FCFDB8 /* Base */,
			);
			name = LaunchScreen.xib;
			sourceTree = "<group>";
		};
/* End PBXVariantGroup section */

/* Begin XCBuildConfiguration section */
		B8BF3B641AFE3C4D00FCFDB8 /* Debug */ = {
			isa = XCBuildConfiguration;
			buildSettings = {
				ALWAYS_SEARCH_USER_PATHS = NO;
				CLANG_CXX_LANGUAGE_STANDARD = "gnu++0x";
				CLANG_CXX_LIBRARY = "libc++";
				CLANG_ENABLE_MODULES = YES;
				CLANG_ENABLE_OBJC_ARC = YES;
				CLANG_WARN_BOOL_CONVERSION = YES;
				CLANG_WARN_CONSTANT_CONVERSION = YES;
				CLANG_WARN_DIRECT_OBJC_ISA_USAGE = YES_ERROR;
				CLANG_WARN_EMPTY_BODY = YES;
				CLANG_WARN_ENUM_CONVERSION = YES;
				CLANG_WARN_INT_CONVERSION = YES;
				CLANG_WARN_OBJC_ROOT_CLASS = YES_ERROR;
				CLANG_WARN_UNREACHABLE_CODE = YES;
				CLANG_WARN__DUPLICATE_METHOD_MATCH = YES;
				"CODE_SIGN_IDENTITY[sdk=iphoneos*]" = "iPhone Developer";
				COPY_PHASE_STRIP = NO;
				DEBUG_INFORMATION_FORMAT = "dwarf-with-dsym";
				ENABLE_STRICT_OBJC_MSGSEND = YES;
				GCC_C_LANGUAGE_STANDARD = gnu99;
				GCC_DYNAMIC_NO_PIC = NO;
				GCC_NO_COMMON_BLOCKS = YES;
				GCC_OPTIMIZATION_LEVEL = 0;
				GCC_PREPROCESSOR_DEFINITIONS = (
					"DEBUG=1",
					"$(inherited)",
				);
				GCC_SYMBOLS_PRIVATE_EXTERN = NO;
				GCC_WARN_64_TO_32_BIT_CONVERSION = YES;
				GCC_WARN_ABOUT_RETURN_TYPE = YES_ERROR;
				GCC_WARN_UNDECLARED_SELECTOR = YES;
				GCC_WARN_UNINITIALIZED_AUTOS = YES_AGGRESSIVE;
				GCC_WARN_UNUSED_FUNCTION = YES;
				GCC_WARN_UNUSED_VARIABLE = YES;
				IPHONEOS_DEPLOYMENT_TARGET = 8.3;
				MTL_ENABLE_DEBUG_INFO = YES;
				ONLY_ACTIVE_ARCH = YES;
				SDKROOT = iphoneos;
				SWIFT_OPTIMIZATION_LEVEL = "-Onone";
			};
			name = Debug;
		};
		B8BF3B651AFE3C4D00FCFDB8 /* Release */ = {
			isa = XCBuildConfiguration;
			buildSettings = {
				ALWAYS_SEARCH_USER_PATHS = NO;
				CLANG_CXX_LANGUAGE_STANDARD = "gnu++0x";
				CLANG_CXX_LIBRARY = "libc++";
				CLANG_ENABLE_MODULES = YES;
				CLANG_ENABLE_OBJC_ARC = YES;
				CLANG_WARN_BOOL_CONVERSION = YES;
				CLANG_WARN_CONSTANT_CONVERSION = YES;
				CLANG_WARN_DIRECT_OBJC_ISA_USAGE = YES_ERROR;
				CLANG_WARN_EMPTY_BODY = YES;
				CLANG_WARN_ENUM_CONVERSION = YES;
				CLANG_WARN_INT_CONVERSION = YES;
				CLANG_WARN_OBJC_ROOT_CLASS = YES_ERROR;
				CLANG_WARN_UNREACHABLE_CODE = YES;
				CLANG_WARN__DUPLICATE_METHOD_MATCH = YES;
				"CODE_SIGN_IDENTITY[sdk=iphoneos*]" = "iPhone Developer";
				COPY_PHASE_STRIP = NO;
				DEBUG_INFORMATION_FORMAT = "dwarf-with-dsym";
				ENABLE_NS_ASSERTIONS = NO;
				ENABLE_STRICT_OBJC_MSGSEND = YES;
				GCC_C_LANGUAGE_STANDARD = gnu99;
				GCC_NO_COMMON_BLOCKS = YES;
				GCC_WARN_64_TO_32_BIT_CONVERSION = YES;
				GCC_WARN_ABOUT_RETURN_TYPE = YES_ERROR;
				GCC_WARN_UNDECLARED_SELECTOR = YES;
				GCC_WARN_UNINITIALIZED_AUTOS = YES_AGGRESSIVE;
				GCC_WARN_UNUSED_FUNCTION = YES;
				GCC_WARN_UNUSED_VARIABLE = YES;
				IPHONEOS_DEPLOYMENT_TARGET = 8.3;
				MTL_ENABLE_DEBUG_INFO = NO;
				SDKROOT = iphoneos;
				VALIDATE_PRODUCT = YES;
			};
			name = Release;
		};
		B8BF3B671AFE3C4D00FCFDB8 /* Debug */ = {
			isa = XCBuildConfiguration;
			buildSettings = {
				ASSETCATALOG_COMPILER_APPICON_NAME = AppIcon;
				INFOPLIST_FILE = "Pitch Perfect/Info.plist";
				LD_RUNPATH_SEARCH_PATHS = "$(inherited) @executable_path/Frameworks";
				PRODUCT_NAME = "$(TARGET_NAME)";
			};
			name = Debug;
		};
		B8BF3B681AFE3C4D00FCFDB8 /* Release */ = {
			isa = XCBuildConfiguration;
			buildSettings = {
				ASSETCATALOG_COMPILER_APPICON_NAME = AppIcon;
				INFOPLIST_FILE = "Pitch Perfect/Info.plist";
				LD_RUNPATH_SEARCH_PATHS = "$(inherited) @executable_path/Frameworks";
				PRODUCT_NAME = "$(TARGET_NAME)";
			};
			name = Release;
		};
		B8BF3B6A1AFE3C4D00FCFDB8 /* Debug */ = {
			isa = XCBuildConfiguration;
			buildSettings = {
				BUNDLE_LOADER = "$(TEST_HOST)";
				FRAMEWORK_SEARCH_PATHS = (
					"$(SDKROOT)/Developer/Library/Frameworks",
					"$(inherited)",
				);
				GCC_PREPROCESSOR_DEFINITIONS = (
					"DEBUG=1",
					"$(inherited)",
				);
				INFOPLIST_FILE = "Pitch PerfectTests/Info.plist";
				LD_RUNPATH_SEARCH_PATHS = "$(inherited) @executable_path/Frameworks @loader_path/Frameworks";
				PRODUCT_NAME = "$(TARGET_NAME)";
				TEST_HOST = "$(BUILT_PRODUCTS_DIR)/Pitch Perfect.app/Pitch Perfect";
			};
			name = Debug;
		};
		B8BF3B6B1AFE3C4D00FCFDB8 /* Release */ = {
			isa = XCBuildConfiguration;
			buildSettings = {
				BUNDLE_LOADER = "$(TEST_HOST)";
				FRAMEWORK_SEARCH_PATHS = (
					"$(SDKROOT)/Developer/Library/Frameworks",
					"$(inherited)",
				);
				INFOPLIST_FILE = "Pitch PerfectTests/Info.plist";
				LD_RUNPATH_SEARCH_PATHS = "$(inherited) @executable_path/Frameworks @loader_path/Frameworks";
				PRODUCT_NAME = "$(TARGET_NAME)";
				TEST_HOST = "$(BUILT_PRODUCTS_DIR)/Pitch Perfect.app/Pitch Perfect";
			};
			name = Release;
		};
/* End XCBuildConfiguration section */

/* Begin XCConfigurationList section */
		B8BF3B421AFE3C4C00FCFDB8 /* Build configuration list for PBXProject "Pitch Perfect" */ = {
			isa = XCConfigurationList;
			buildConfigurations = (
				B8BF3B641AFE3C4D00FCFDB8 /* Debug */,
				B8BF3B651AFE3C4D00FCFDB8 /* Release */,
			);
			defaultConfigurationIsVisible = 0;
			defaultConfigurationName = Release;
		};
		B8BF3B661AFE3C4D00FCFDB8 /* Build configuration list for PBXNativeTarget "Pitch Perfect" */ = {
			isa = XCConfigurationList;
			buildConfigurations = (
				B8BF3B671AFE3C4D00FCFDB8 /* Debug */,
				B8BF3B681AFE3C4D00FCFDB8 /* Release */,
			);
			defaultConfigurationIsVisible = 0;
			defaultConfigurationName = Release;
		};
		B8BF3B691AFE3C4D00FCFDB8 /* Build configuration list for PBXNativeTarget "Pitch PerfectTests" */ = {
			isa = XCConfigurationList;
			buildConfigurations = (
				B8BF3B6A1AFE3C4D00FCFDB8 /* Debug */,
				B8BF3B6B1AFE3C4D00FCFDB8 /* Release */,
			);
			defaultConfigurationIsVisible = 0;
			defaultConfigurationName = Release;
		};
/* End XCConfigurationList section */
	};
	rootObject = B8BF3B3F1AFE3C4C00FCFDB8 /* Project object */;
}
